// !$*UTF8*$!
{
	archiveVersion = 1;
	classes = {
	};
	objectVersion = 50;
	objects = {

/* Begin PBXBuildFile section */
		6152D18924C2DC6D00459844 /* AppDelegate.swift in Sources */ = {isa = PBXBuildFile; fileRef = 6152D18824C2DC6D00459844 /* AppDelegate.swift */; };
		6152D18B24C2DC6D00459844 /* SceneDelegate.swift in Sources */ = {isa = PBXBuildFile; fileRef = 6152D18A24C2DC6D00459844 /* SceneDelegate.swift */; };
		6152D19024C2DC6D00459844 /* Main.storyboard in Resources */ = {isa = PBXBuildFile; fileRef = 6152D18E24C2DC6D00459844 /* Main.storyboard */; };
		6152D19224C2DC7000459844 /* Assets.xcassets in Resources */ = {isa = PBXBuildFile; fileRef = 6152D19124C2DC7000459844 /* Assets.xcassets */; };
		6152D19524C2DC7000459844 /* LaunchScreen.storyboard in Resources */ = {isa = PBXBuildFile; fileRef = 6152D19324C2DC7000459844 /* LaunchScreen.storyboard */; };
		6152D19F24C2EA2300459844 /* MoviesLoader.swift in Sources */ = {isa = PBXBuildFile; fileRef = 6152D19E24C2EA2300459844 /* MoviesLoader.swift */; };
		6152D1A124C2F56C00459844 /* Movie.swift in Sources */ = {isa = PBXBuildFile; fileRef = 6152D1A024C2F56C00459844 /* Movie.swift */; };
		6155ACC924C4A4E8006A8521 /* ScheduleViewController.swift in Sources */ = {isa = PBXBuildFile; fileRef = 6155ACC824C4A4E8006A8521 /* ScheduleViewController.swift */; };
		61C4D2F124C5AE140075563B /* TsystemsTestTests.swift in Sources */ = {isa = PBXBuildFile; fileRef = 61C4D2F024C5AE140075563B /* TsystemsTestTests.swift */; };
		61CCF76A24C4647000229554 /* MovieViewController.swift in Sources */ = {isa = PBXBuildFile; fileRef = 61CCF76924C4647000229554 /* MovieViewController.swift */; };
		61CCF76C24C467ED00229554 /* MovieTableViewCell.swift in Sources */ = {isa = PBXBuildFile; fileRef = 61CCF76B24C467ED00229554 /* MovieTableViewCell.swift */; };
/* End PBXBuildFile section */

/* Begin PBXContainerItemProxy section */
		61C4D2F324C5AE140075563B /* PBXContainerItemProxy */ = {
			isa = PBXContainerItemProxy;
			containerPortal = 6152D17D24C2DC6D00459844 /* Project object */;
			proxyType = 1;
			remoteGlobalIDString = 6152D18424C2DC6D00459844;
			remoteInfo = TsystemsTest;
		};
/* End PBXContainerItemProxy section */

/* Begin PBXFileReference section */
		6152D18524C2DC6D00459844 /* TsystemsTest.app */ = {isa = PBXFileReference; explicitFileType = wrapper.application; includeInIndex = 0; path = TsystemsTest.app; sourceTree = BUILT_PRODUCTS_DIR; };
		6152D18824C2DC6D00459844 /* AppDelegate.swift */ = {isa = PBXFileReference; lastKnownFileType = sourcecode.swift; path = AppDelegate.swift; sourceTree = "<group>"; };
		6152D18A24C2DC6D00459844 /* SceneDelegate.swift */ = {isa = PBXFileReference; lastKnownFileType = sourcecode.swift; path = SceneDelegate.swift; sourceTree = "<group>"; };
		6152D18F24C2DC6D00459844 /* Base */ = {isa = PBXFileReference; lastKnownFileType = file.storyboard; name = Base; path = Base.lproj/Main.storyboard; sourceTree = "<group>"; };
		6152D19124C2DC7000459844 /* Assets.xcassets */ = {isa = PBXFileReference; lastKnownFileType = folder.assetcatalog; path = Assets.xcassets; sourceTree = "<group>"; };
		6152D19424C2DC7000459844 /* Base */ = {isa = PBXFileReference; lastKnownFileType = file.storyboard; name = Base; path = Base.lproj/LaunchScreen.storyboard; sourceTree = "<group>"; };
		6152D19624C2DC7000459844 /* Info.plist */ = {isa = PBXFileReference; lastKnownFileType = text.plist.xml; path = Info.plist; sourceTree = "<group>"; };
		6152D19E24C2EA2300459844 /* MoviesLoader.swift */ = {isa = PBXFileReference; lastKnownFileType = sourcecode.swift; path = MoviesLoader.swift; sourceTree = "<group>"; };
		6152D1A024C2F56C00459844 /* Movie.swift */ = {isa = PBXFileReference; lastKnownFileType = sourcecode.swift; path = Movie.swift; sourceTree = "<group>"; };
		6155ACC824C4A4E8006A8521 /* ScheduleViewController.swift */ = {isa = PBXFileReference; lastKnownFileType = sourcecode.swift; path = ScheduleViewController.swift; sourceTree = "<group>"; };
		61C4D2EE24C5AE140075563B /* TsystemsTestTests.xctest */ = {isa = PBXFileReference; explicitFileType = wrapper.cfbundle; includeInIndex = 0; path = TsystemsTestTests.xctest; sourceTree = BUILT_PRODUCTS_DIR; };
		61C4D2F024C5AE140075563B /* TsystemsTestTests.swift */ = {isa = PBXFileReference; lastKnownFileType = sourcecode.swift; path = TsystemsTestTests.swift; sourceTree = "<group>"; };
		61C4D2F224C5AE140075563B /* Info.plist */ = {isa = PBXFileReference; lastKnownFileType = text.plist.xml; path = Info.plist; sourceTree = "<group>"; };
		61CCF76924C4647000229554 /* MovieViewController.swift */ = {isa = PBXFileReference; lastKnownFileType = sourcecode.swift; path = MovieViewController.swift; sourceTree = "<group>"; };
		61CCF76B24C467ED00229554 /* MovieTableViewCell.swift */ = {isa = PBXFileReference; lastKnownFileType = sourcecode.swift; path = MovieTableViewCell.swift; sourceTree = "<group>"; };
/* End PBXFileReference section */

/* Begin PBXFrameworksBuildPhase section */
		6152D18224C2DC6D00459844 /* Frameworks */ = {
			isa = PBXFrameworksBuildPhase;
			buildActionMask = 2147483647;
			files = (
			);
			runOnlyForDeploymentPostprocessing = 0;
		};
		61C4D2EB24C5AE140075563B /* Frameworks */ = {
			isa = PBXFrameworksBuildPhase;
			buildActionMask = 2147483647;
			files = (
			);
			runOnlyForDeploymentPostprocessing = 0;
		};
/* End PBXFrameworksBuildPhase section */

/* Begin PBXGroup section */
		6152D17C24C2DC6D00459844 = {
			isa = PBXGroup;
			children = (
				6152D18724C2DC6D00459844 /* TsystemsTest */,
				61C4D2EF24C5AE140075563B /* TsystemsTestTests */,
				6152D18624C2DC6D00459844 /* Products */,
			);
			sourceTree = "<group>";
		};
		6152D18624C2DC6D00459844 /* Products */ = {
			isa = PBXGroup;
			children = (
				6152D18524C2DC6D00459844 /* TsystemsTest.app */,
				61C4D2EE24C5AE140075563B /* TsystemsTestTests.xctest */,
			);
			name = Products;
			sourceTree = "<group>";
		};
		6152D18724C2DC6D00459844 /* TsystemsTest */ = {
			isa = PBXGroup;
			children = (
				6152D18824C2DC6D00459844 /* AppDelegate.swift */,
				6152D18A24C2DC6D00459844 /* SceneDelegate.swift */,
				6152D1A024C2F56C00459844 /* Movie.swift */,
				61CCF76B24C467ED00229554 /* MovieTableViewCell.swift */,
				6152D19E24C2EA2300459844 /* MoviesLoader.swift */,
				6152D18E24C2DC6D00459844 /* Main.storyboard */,
				6155ACC824C4A4E8006A8521 /* ScheduleViewController.swift */,
				61CCF76924C4647000229554 /* MovieViewController.swift */,
				6152D19124C2DC7000459844 /* Assets.xcassets */,
				6152D19324C2DC7000459844 /* LaunchScreen.storyboard */,
				6152D19624C2DC7000459844 /* Info.plist */,
			);
			path = TsystemsTest;
			sourceTree = "<group>";
		};
		61C4D2EF24C5AE140075563B /* TsystemsTestTests */ = {
			isa = PBXGroup;
			children = (
				61C4D2F024C5AE140075563B /* TsystemsTestTests.swift */,
				61C4D2F224C5AE140075563B /* Info.plist */,
			);
			path = TsystemsTestTests;
			sourceTree = "<group>";
		};
/* End PBXGroup section */

/* Begin PBXNativeTarget section */
		6152D18424C2DC6D00459844 /* TsystemsTest */ = {
			isa = PBXNativeTarget;
			buildConfigurationList = 6152D19924C2DC7000459844 /* Build configuration list for PBXNativeTarget "TsystemsTest" */;
			buildPhases = (
				6152D18124C2DC6D00459844 /* Sources */,
				6152D18224C2DC6D00459844 /* Frameworks */,
				6152D18324C2DC6D00459844 /* Resources */,
			);
			buildRules = (
			);
			dependencies = (
			);
			name = TsystemsTest;
			productName = TsystemsTest;
			productReference = 6152D18524C2DC6D00459844 /* TsystemsTest.app */;
			productType = "com.apple.product-type.application";
		};
		61C4D2ED24C5AE140075563B /* TsystemsTestTests */ = {
			isa = PBXNativeTarget;
			buildConfigurationList = 61C4D2F524C5AE140075563B /* Build configuration list for PBXNativeTarget "TsystemsTestTests" */;
			buildPhases = (
				61C4D2EA24C5AE140075563B /* Sources */,
				61C4D2EB24C5AE140075563B /* Frameworks */,
				61C4D2EC24C5AE140075563B /* Resources */,
			);
			buildRules = (
			);
			dependencies = (
				61C4D2F424C5AE140075563B /* PBXTargetDependency */,
			);
			name = TsystemsTestTests;
			productName = TsystemsTestTests;
			productReference = 61C4D2EE24C5AE140075563B /* TsystemsTestTests.xctest */;
			productType = "com.apple.product-type.bundle.unit-test";
		};
/* End PBXNativeTarget section */

/* Begin PBXProject section */
		6152D17D24C2DC6D00459844 /* Project object */ = {
			isa = PBXProject;
			attributes = {
				LastSwiftUpdateCheck = 1150;
				LastUpgradeCheck = 1150;
				ORGANIZATIONNAME = "Арина Нефёдова";
				TargetAttributes = {
					6152D18424C2DC6D00459844 = {
						CreatedOnToolsVersion = 11.5;
					};
					61C4D2ED24C5AE140075563B = {
						CreatedOnToolsVersion = 11.5;
						TestTargetID = 6152D18424C2DC6D00459844;
					};
				};
			};
			buildConfigurationList = 6152D18024C2DC6D00459844 /* Build configuration list for PBXProject "TsystemsTest" */;
			compatibilityVersion = "Xcode 9.3";
			developmentRegion = en;
			hasScannedForEncodings = 0;
			knownRegions = (
				en,
				Base,
			);
			mainGroup = 6152D17C24C2DC6D00459844;
			productRefGroup = 6152D18624C2DC6D00459844 /* Products */;
			projectDirPath = "";
			projectRoot = "";
			targets = (
				6152D18424C2DC6D00459844 /* TsystemsTest */,
				61C4D2ED24C5AE140075563B /* TsystemsTestTests */,
			);
		};
/* End PBXProject section */

/* Begin PBXResourcesBuildPhase section */
		6152D18324C2DC6D00459844 /* Resources */ = {
			isa = PBXResourcesBuildPhase;
			buildActionMask = 2147483647;
			files = (
				6152D19524C2DC7000459844 /* LaunchScreen.storyboard in Resources */,
				6152D19224C2DC7000459844 /* Assets.xcassets in Resources */,
				6152D19024C2DC6D00459844 /* Main.storyboard in Resources */,
			);
			runOnlyForDeploymentPostprocessing = 0;
		};
		61C4D2EC24C5AE140075563B /* Resources */ = {
			isa = PBXResourcesBuildPhase;
			buildActionMask = 2147483647;
			files = (
			);
			runOnlyForDeploymentPostprocessing = 0;
		};
/* End PBXResourcesBuildPhase section */

/* Begin PBXSourcesBuildPhase section */
		6152D18124C2DC6D00459844 /* Sources */ = {
			isa = PBXSourcesBuildPhase;
			buildActionMask = 2147483647;
			files = (
				61CCF76A24C4647000229554 /* MovieViewController.swift in Sources */,
				6152D18924C2DC6D00459844 /* AppDelegate.swift in Sources */,
				6152D1A124C2F56C00459844 /* Movie.swift in Sources */,
				6152D19F24C2EA2300459844 /* MoviesLoader.swift in Sources */,
				61CCF76C24C467ED00229554 /* MovieTableViewCell.swift in Sources */,
				6155ACC924C4A4E8006A8521 /* ScheduleViewController.swift in Sources */,
				6152D18B24C2DC6D00459844 /* SceneDelegate.swift in Sources */,
			);
			runOnlyForDeploymentPostprocessing = 0;
		};
		61C4D2EA24C5AE140075563B /* Sources */ = {
			isa = PBXSourcesBuildPhase;
			buildActionMask = 2147483647;
			files = (
				61C4D2F124C5AE140075563B /* TsystemsTestTests.swift in Sources */,
			);
			runOnlyForDeploymentPostprocessing = 0;
		};
/* End PBXSourcesBuildPhase section */

/* Begin PBXTargetDependency section */
		61C4D2F424C5AE140075563B /* PBXTargetDependency */ = {
			isa = PBXTargetDependency;
			target = 6152D18424C2DC6D00459844 /* TsystemsTest */;
			targetProxy = 61C4D2F324C5AE140075563B /* PBXContainerItemProxy */;
		};
/* End PBXTargetDependency section */

/* Begin PBXVariantGroup section */
		6152D18E24C2DC6D00459844 /* Main.storyboard */ = {
			isa = PBXVariantGroup;
			children = (
				6152D18F24C2DC6D00459844 /* Base */,
			);
			name = Main.storyboard;
			sourceTree = "<group>";
		};
		6152D19324C2DC7000459844 /* LaunchScreen.storyboard */ = {
			isa = PBXVariantGroup;
			children = (
				6152D19424C2DC7000459844 /* Base */,
			);
			name = LaunchScreen.storyboard;
			sourceTree = "<group>";
		};
/* End PBXVariantGroup section */

/* Begin XCBuildConfiguration section */
		6152D19724C2DC7000459844 /* Debug */ = {
			isa = XCBuildConfiguration;
			buildSettings = {
				ALWAYS_SEARCH_USER_PATHS = NO;
				CLANG_ANALYZER_NONNULL = YES;
				CLANG_ANALYZER_NUMBER_OBJECT_CONVERSION = YES_AGGRESSIVE;
				CLANG_CXX_LANGUAGE_STANDARD = "gnu++14";
				CLANG_CXX_LIBRARY = "libc++";
				CLANG_ENABLE_MODULES = YES;
				CLANG_ENABLE_OBJC_ARC = YES;
				CLANG_ENABLE_OBJC_WEAK = YES;
				CLANG_WARN_BLOCK_CAPTURE_AUTORELEASING = YES;
				CLANG_WARN_BOOL_CONVERSION = YES;
				CLANG_WARN_COMMA = YES;
				CLANG_WARN_CONSTANT_CONVERSION = YES;
				CLANG_WARN_DEPRECATED_OBJC_IMPLEMENTATIONS = YES;
				CLANG_WARN_DIRECT_OBJC_ISA_USAGE = YES_ERROR;
				CLANG_WARN_DOCUMENTATION_COMMENTS = YES;
				CLANG_WARN_EMPTY_BODY = YES;
				CLANG_WARN_ENUM_CONVERSION = YES;
				CLANG_WARN_INFINITE_RECURSION = YES;
				CLANG_WARN_INT_CONVERSION = YES;
				CLANG_WARN_NON_LITERAL_NULL_CONVERSION = YES;
				CLANG_WARN_OBJC_IMPLICIT_RETAIN_SELF = YES;
				CLANG_WARN_OBJC_LITERAL_CONVERSION = YES;
				CLANG_WARN_OBJC_ROOT_CLASS = YES_ERROR;
				CLANG_WARN_RANGE_LOOP_ANALYSIS = YES;
				CLANG_WARN_STRICT_PROTOTYPES = YES;
				CLANG_WARN_SUSPICIOUS_MOVE = YES;
				CLANG_WARN_UNGUARDED_AVAILABILITY = YES_AGGRESSIVE;
				CLANG_WARN_UNREACHABLE_CODE = YES;
				CLANG_WARN__DUPLICATE_METHOD_MATCH = YES;
				COPY_PHASE_STRIP = NO;
				DEBUG_INFORMATION_FORMAT = dwarf;
				ENABLE_STRICT_OBJC_MSGSEND = YES;
				ENABLE_TESTABILITY = YES;
				GCC_C_LANGUAGE_STANDARD = gnu11;
				GCC_DYNAMIC_NO_PIC = NO;
				GCC_NO_COMMON_BLOCKS = YES;
				GCC_OPTIMIZATION_LEVEL = 0;
				GCC_PREPROCESSOR_DEFINITIONS = (
					"DEBUG=1",
					"$(inherited)",
				);
				GCC_WARN_64_TO_32_BIT_CONVERSION = YES;
				GCC_WARN_ABOUT_RETURN_TYPE = YES_ERROR;
				GCC_WARN_UNDECLARED_SELECTOR = YES;
				GCC_WARN_UNINITIALIZED_AUTOS = YES_AGGRESSIVE;
				GCC_WARN_UNUSED_FUNCTION = YES;
				GCC_WARN_UNUSED_VARIABLE = YES;
				IPHONEOS_DEPLOYMENT_TARGET = 13.5;
				MTL_ENABLE_DEBUG_INFO = INCLUDE_SOURCE;
				MTL_FAST_MATH = YES;
				ONLY_ACTIVE_ARCH = YES;
				SDKROOT = iphoneos;
				SWIFT_ACTIVE_COMPILATION_CONDITIONS = DEBUG;
				SWIFT_OPTIMIZATION_LEVEL = "-Onone";
			};
			name = Debug;
		};
		6152D19824C2DC7000459844 /* Release */ = {
			isa = XCBuildConfiguration;
			buildSettings = {
				ALWAYS_SEARCH_USER_PATHS = NO;
				CLANG_ANALYZER_NONNULL = YES;
				CLANG_ANALYZER_NUMBER_OBJECT_CONVERSION = YES_AGGRESSIVE;
				CLANG_CXX_LANGUAGE_STANDARD = "gnu++14";
				CLANG_CXX_LIBRARY = "libc++";
				CLANG_ENABLE_MODULES = YES;
				CLANG_ENABLE_OBJC_ARC = YES;
				CLANG_ENABLE_OBJC_WEAK = YES;
				CLANG_WARN_BLOCK_CAPTURE_AUTORELEASING = YES;
				CLANG_WARN_BOOL_CONVERSION = YES;
				CLANG_WARN_COMMA = YES;
				CLANG_WARN_CONSTANT_CONVERSION = YES;
				CLANG_WARN_DEPRECATED_OBJC_IMPLEMENTATIONS = YES;
				CLANG_WARN_DIRECT_OBJC_ISA_USAGE = YES_ERROR;
				CLANG_WARN_DOCUMENTATION_COMMENTS = YES;
				CLANG_WARN_EMPTY_BODY = YES;
				CLANG_WARN_ENUM_CONVERSION = YES;
				CLANG_WARN_INFINITE_RECURSION = YES;
				CLANG_WARN_INT_CONVERSION = YES;
				CLANG_WARN_NON_LITERAL_NULL_CONVERSION = YES;
				CLANG_WARN_OBJC_IMPLICIT_RETAIN_SELF = YES;
				CLANG_WARN_OBJC_LITERAL_CONVERSION = YES;
				CLANG_WARN_OBJC_ROOT_CLASS = YES_ERROR;
				CLANG_WARN_RANGE_LOOP_ANALYSIS = YES;
				CLANG_WARN_STRICT_PROTOTYPES = YES;
				CLANG_WARN_SUSPICIOUS_MOVE = YES;
				CLANG_WARN_UNGUARDED_AVAILABILITY = YES_AGGRESSIVE;
				CLANG_WARN_UNREACHABLE_CODE = YES;
				CLANG_WARN__DUPLICATE_METHOD_MATCH = YES;
				COPY_PHASE_STRIP = NO;
				DEBUG_INFORMATION_FORMAT = "dwarf-with-dsym";
				ENABLE_NS_ASSERTIONS = NO;
				ENABLE_STRICT_OBJC_MSGSEND = YES;
				GCC_C_LANGUAGE_STANDARD = gnu11;
				GCC_NO_COMMON_BLOCKS = YES;
				GCC_WARN_64_TO_32_BIT_CONVERSION = YES;
				GCC_WARN_ABOUT_RETURN_TYPE = YES_ERROR;
				GCC_WARN_UNDECLARED_SELECTOR = YES;
				GCC_WARN_UNINITIALIZED_AUTOS = YES_AGGRESSIVE;
				GCC_WARN_UNUSED_FUNCTION = YES;
				GCC_WARN_UNUSED_VARIABLE = YES;
				IPHONEOS_DEPLOYMENT_TARGET = 13.5;
				MTL_ENABLE_DEBUG_INFO = NO;
				MTL_FAST_MATH = YES;
				SDKROOT = iphoneos;
				SWIFT_COMPILATION_MODE = wholemodule;
				SWIFT_OPTIMIZATION_LEVEL = "-O";
				VALIDATE_PRODUCT = YES;
			};
			name = Release;
		};
		6152D19A24C2DC7000459844 /* Debug */ = {
			isa = XCBuildConfiguration;
			buildSettings = {
				ASSETCATALOG_COMPILER_APPICON_NAME = AppIcon;
				CODE_SIGN_STYLE = Automatic;
				DEVELOPMENT_TEAM = QD79G26U3W;
				INFOPLIST_FILE = TsystemsTest/Info.plist;
				LD_RUNPATH_SEARCH_PATHS = (
					"$(inherited)",
					"@executable_path/Frameworks",
				);
				PRODUCT_BUNDLE_IDENTIFIER = com.arinanefedova.TsystemsTest;
				PRODUCT_NAME = "$(TARGET_NAME)";
				SWIFT_VERSION = 5.0;
				TARGETED_DEVICE_FAMILY = "1,2";
			};
			name = Debug;
		};
		6152D19B24C2DC7000459844 /* Release */ = {
			isa = XCBuildConfiguration;
			buildSettings = {
				ASSETCATALOG_COMPILER_APPICON_NAME = AppIcon;
				CODE_SIGN_STYLE = Automatic;
				DEVELOPMENT_TEAM = QD79G26U3W;
				INFOPLIST_FILE = TsystemsTest/Info.plist;
				LD_RUNPATH_SEARCH_PATHS = (
					"$(inherited)",
					"@executable_path/Frameworks",
				);
				PRODUCT_BUNDLE_IDENTIFIER = com.arinanefedova.TsystemsTest;
				PRODUCT_NAME = "$(TARGET_NAME)";
				SWIFT_VERSION = 5.0;
				TARGETED_DEVICE_FAMILY = "1,2";
			};
			name = Release;
		};
		61C4D2F624C5AE140075563B /* Debug */ = {
			isa = XCBuildConfiguration;
			buildSettings = {
				BUNDLE_LOADER = "$(TEST_HOST)";
				CODE_SIGN_STYLE = Automatic;
				DEVELOPMENT_TEAM = QD79G26U3W;
				INFOPLIST_FILE = TsystemsTestTests/Info.plist;
				LD_RUNPATH_SEARCH_PATHS = (
					"$(inherited)",
					"@executable_path/Frameworks",
					"@loader_path/Frameworks",
				);
				PRODUCT_BUNDLE_IDENTIFIER = "-.TsystemsTestTests";
				PRODUCT_NAME = "$(TARGET_NAME)";
				SWIFT_VERSION = 5.0;
				TARGETED_DEVICE_FAMILY = "1,2";
				TEST_HOST = "$(BUILT_PRODUCTS_DIR)/TsystemsTest.app/TsystemsTest";
			};
			name = Debug;
		};
		61C4D2F724C5AE140075563B /* Release */ = {
			isa = XCBuildConfiguration;
			buildSettings = {
				BUNDLE_LOADER = "$(TEST_HOST)";
				CODE_SIGN_STYLE = Automatic;
				DEVELOPMENT_TEAM = QD79G26U3W;
				INFOPLIST_FILE = TsystemsTestTests/Info.plist;
				LD_RUNPATH_SEARCH_PATHS = (
					"$(inherited)",
					"@executable_path/Frameworks",
					"@loader_path/Frameworks",
				);
				PRODUCT_BUNDLE_IDENTIFIER = "-.TsystemsTestTests";
				PRODUCT_NAME = "$(TARGET_NAME)";
				SWIFT_VERSION = 5.0;
				TARGETED_DEVICE_FAMILY = "1,2";
				TEST_HOST = "$(BUILT_PRODUCTS_DIR)/TsystemsTest.app/TsystemsTest";
			};
			name = Release;
		};
/* End XCBuildConfiguration section */

/* Begin XCConfigurationList section */
		6152D18024C2DC6D00459844 /* Build configuration list for PBXProject "TsystemsTest" */ = {
			isa = XCConfigurationList;
			buildConfigurations = (
				6152D19724C2DC7000459844 /* Debug */,
				6152D19824C2DC7000459844 /* Release */,
			);
			defaultConfigurationIsVisible = 0;
			defaultConfigurationName = Release;
		};
		6152D19924C2DC7000459844 /* Build configuration list for PBXNativeTarget "TsystemsTest" */ = {
			isa = XCConfigurationList;
			buildConfigurations = (
				6152D19A24C2DC7000459844 /* Debug */,
				6152D19B24C2DC7000459844 /* Release */,
			);
			defaultConfigurationIsVisible = 0;
			defaultConfigurationName = Release;
		};
		61C4D2F524C5AE140075563B /* Build configuration list for PBXNativeTarget "TsystemsTestTests" */ = {
			isa = XCConfigurationList;
			buildConfigurations = (
				61C4D2F624C5AE140075563B /* Debug */,
				61C4D2F724C5AE140075563B /* Release */,
			);
			defaultConfigurationIsVisible = 0;
			defaultConfigurationName = Release;
		};
/* End XCConfigurationList section */
	};
	rootObject = 6152D17D24C2DC6D00459844 /* Project object */;
}
